// !$*UTF8*$!
{
	archiveVersion = 1;
	classes = {
	};
	objectVersion = 46;
	objects = {
/* Begin PBXBuildFile section */
		0207DA581B56EA530066E2B4 /* Images.xcassets in Resources */ = {isa = PBXBuildFile; fileRef = 0207DA571B56EA530066E2B4 /* Images.xcassets */; };
		1D3623260D0F684500981E51 /* AppDelegate.m in Sources */ = {isa = PBXBuildFile; fileRef = 1D3623250D0F684500981E51 /* AppDelegate.m */; };
		1D60589B0D05DD56006BFB54 /* main.m in Sources */ = {isa = PBXBuildFile; fileRef = 29B97316FDCFA39411CA2CEA /* main.m */; };
		301BF552109A68D80062928A /* libCordova.a in Frameworks */ = {isa = PBXBuildFile; fileRef = 301BF535109A57CC0062928A /* libCordova.a */; };
		302D95F114D2391D003F00A1 /* MainViewController.m in Sources */ = {isa = PBXBuildFile; fileRef = 302D95EF14D2391D003F00A1 /* MainViewController.m */; };
		302D95F214D2391D003F00A1 /* MainViewController.xib in Resources */ = {isa = PBXBuildFile; fileRef = 302D95F014D2391D003F00A1 /* MainViewController.xib */; };
		3047A5121AB8059700498E2A /* build-debug.xcconfig in Resources */ = {isa = PBXBuildFile; fileRef = 3047A50F1AB8059700498E2A /* build-debug.xcconfig */; };
		3047A5131AB8059700498E2A /* build-release.xcconfig in Resources */ = {isa = PBXBuildFile; fileRef = 3047A5101AB8059700498E2A /* build-release.xcconfig */; };
		3047A5141AB8059700498E2A /* build.xcconfig in Resources */ = {isa = PBXBuildFile; fileRef = 3047A5111AB8059700498E2A /* build.xcconfig */; };
		6AFF5BF91D6E424B00AB3073 /* CDVLaunchScreen.storyboard in Resources */ = {isa = PBXBuildFile; fileRef = 6AFF5BF81D6E424B00AB3073 /* CDVLaunchScreen.storyboard */; };
		4A26957DEE9A4CCCB58266D9 /* NativePageTransitions.m in Sources */ = {isa = PBXBuildFile; fileRef = 8169A1AB4F25455FAFA4BE8E /* NativePageTransitions.m */; };
		19B6D0FFE96A4CD0B1B673B9 /* AppDelegate+nativepagetransitions.m in Sources */ = {isa = PBXBuildFile; fileRef = 28B2B9B6F84D408B84E5CC5E /* AppDelegate+nativepagetransitions.m */; };
		65CE57AB60504783B3BE1467 /* CDVDevice.m in Sources */ = {isa = PBXBuildFile; fileRef = 0E3A53C3AEFB4FF1ABC27FF1 /* CDVDevice.m */; };
		A2758444D1654A0DA6CD2091 /* CDVIonicKeyboard.m in Sources */ = {isa = PBXBuildFile; fileRef = BE24ECEA700949C4802F6CF8 /* CDVIonicKeyboard.m */; };
		9B9627B8449C413B9C5BAE3C /* CDVWKWebViewEngine.m in Sources */ = {isa = PBXBuildFile; fileRef = 08809D3591464519BCFA2B3F /* CDVWKWebViewEngine.m */; };
		C4366FD3FB63412AA99BCCEE /* CDVWKWebViewUIDelegate.m in Sources */ = {isa = PBXBuildFile; fileRef = 233B10C3D0294E35837763E9 /* CDVWKWebViewUIDelegate.m */; };
		3C30A96826AF43ACA53E9B0E /* CDVWKProcessPoolFactory.m in Sources */ = {isa = PBXBuildFile; fileRef = 2243D81ECABC4D18923FE8D2 /* CDVWKProcessPoolFactory.m */; };
		409EEDA3BC2A4018B2352262 /* GCDWebServer.m in Sources */ = {isa = PBXBuildFile; fileRef = AC2E2580E7B8432EBDC0C6D7 /* GCDWebServer.m */; };
		187D72F3D2884188B70E2700 /* GCDWebServerConnection.m in Sources */ = {isa = PBXBuildFile; fileRef = 899340A6FA2D43B1A9AF1822 /* GCDWebServerConnection.m */; };
		4D96346F16BE487BBF5ADD69 /* GCDWebServerFunctions.m in Sources */ = {isa = PBXBuildFile; fileRef = 7A1B7C9872F14F7896166A07 /* GCDWebServerFunctions.m */; };
		CAB63F0D64D344CA9DC9540B /* GCDWebServerRequest.m in Sources */ = {isa = PBXBuildFile; fileRef = 718E9B26A39242AE95B8858A /* GCDWebServerRequest.m */; };
		A6ED4D7D86C74831B07157F3 /* GCDWebServerResponse.m in Sources */ = {isa = PBXBuildFile; fileRef = B58067738AF14F58B0BA23B3 /* GCDWebServerResponse.m */; };
		0EBC92841C9F4E9CB856C719 /* GCDWebServerDataRequest.m in Sources */ = {isa = PBXBuildFile; fileRef = B23780BB116E46F18B523210 /* GCDWebServerDataRequest.m */; };
		7F5AEE5B790D4C14AB0F2E7F /* GCDWebServerFileRequest.m in Sources */ = {isa = PBXBuildFile; fileRef = C30EB19131494C23A1267333 /* GCDWebServerFileRequest.m */; };
		AEDCD76F796D4944949AFA16 /* GCDWebServerMultiPartFormRequest.m in Sources */ = {isa = PBXBuildFile; fileRef = 82C5A115A1BE49EB8BC84BAD /* GCDWebServerMultiPartFormRequest.m */; };
		F429CD50699C4299A2D3FEBE /* GCDWebServerURLEncodedFormRequest.m in Sources */ = {isa = PBXBuildFile; fileRef = 14913C1E120442A386C98320 /* GCDWebServerURLEncodedFormRequest.m */; };
		BE7599BE7BE04155A7E3DF47 /* GCDWebServerDataResponse.m in Sources */ = {isa = PBXBuildFile; fileRef = BB7E6AB83DC64B5DBB137C8B /* GCDWebServerDataResponse.m */; };
		38F278B44AAB49A9A27A6910 /* GCDWebServerErrorResponse.m in Sources */ = {isa = PBXBuildFile; fileRef = 98F9023FC447459EB0650825 /* GCDWebServerErrorResponse.m */; };
		3B906D26ADB84496812BE603 /* GCDWebServerFileResponse.m in Sources */ = {isa = PBXBuildFile; fileRef = 3C04491F05FA4BF396CCDAD9 /* GCDWebServerFileResponse.m */; };
		8C6394CBC86C4A4799BF31C8 /* GCDWebServerStreamedResponse.m in Sources */ = {isa = PBXBuildFile; fileRef = F854721F803F440391AAAFC2 /* GCDWebServerStreamedResponse.m */; };
		42B71271D2284A668E86560D /* WebKit.framework in Frameworks */ = {isa = PBXBuildFile; fileRef = 4E872162F81148F78CF77ECB /* WebKit.framework */; settings = {ATTRIBUTES = (Weak, ); }; };
		2FA83911A331456A936DB1E6 /* libz.tbd in Frameworks */ = {isa = PBXBuildFile; fileRef = BC722DF566F0466694641B8B /* libz.tbd */; };
		F2DA37E423DD44C18FB289DC /* CDVSplashScreen.m in Sources */ = {isa = PBXBuildFile; fileRef = 0ABBD2F8C6BA4295A82EDAFE /* CDVSplashScreen.m */; };
		24FB9D85F10548D3B26EDF63 /* CDVViewController+SplashScreen.m in Sources */ = {isa = PBXBuildFile; fileRef = 8FF41B26B62E4B7C9A940D96 /* CDVViewController+SplashScreen.m */; };
		506C72012B4844C7926A921A /* LocalyticsPlugin.m in Sources */ = {isa = PBXBuildFile; fileRef = D64063724A154A89B13747A4 /* LocalyticsPlugin.m */; };
		98D0DD441E7C4C84B0BA51B2 /* CDAnalyticsDelegate.m in Sources */ = {isa = PBXBuildFile; fileRef = 36B2E78A7FC44D40986A9D2F /* CDAnalyticsDelegate.m */; };
		35F4884BE3504F99A9394CCD /* CDLocationDelegate.m in Sources */ = {isa = PBXBuildFile; fileRef = C1502BAAE06E4DA987ED7A80 /* CDLocationDelegate.m */; };
		B1DF85ADA0C44129B91ABE5C /* CDMessagingDelegate.m in Sources */ = {isa = PBXBuildFile; fileRef = 24B955CA29CF42EC924A33AF /* CDMessagingDelegate.m */; };
		025782E1D7E3498A80E9095F /* CDCTADelegate.m in Sources */ = {isa = PBXBuildFile; fileRef = 475D9DBBFFA54D6BAEC45E22 /* CDCTADelegate.m */; };
		18A89B6102B7479DB4591E5E /* UserNotifications in Resources */ = {isa = PBXBuildFile; fileRef = 1EAC1CF5A89C47E9B59A7FCF /* UserNotifications */; };
/* End PBXBuildFile section */

/* Begin PBXContainerItemProxy section */
		301BF534109A57CC0062928A /* PBXContainerItemProxy */ = {
			isa = PBXContainerItemProxy;
			containerPortal = 301BF52D109A57CC0062928A /* CordovaLib.xcodeproj */;
			proxyType = 2;
			remoteGlobalIDString = D2AAC07E0554694100DB518D;
			remoteInfo = CordovaLib;
		};
		301BF550109A68C00062928A /* PBXContainerItemProxy */ = {
			isa = PBXContainerItemProxy;
			containerPortal = 301BF52D109A57CC0062928A /* CordovaLib.xcodeproj */;
			proxyType = 1;
			remoteGlobalIDString = D2AAC07D0554694100DB518D;
			remoteInfo = CordovaLib;
		};
/* End PBXContainerItemProxy section */

/* Begin PBXFileReference section */
		0207DA571B56EA530066E2B4 /* Images.xcassets */ = {isa = PBXFileReference; lastKnownFileType = folder.assetcatalog; name = Images.xcassets; path = "swipe-localytics-temp/Images.xcassets"; sourceTree = SOURCE_ROOT; };
		1D3623240D0F684500981E51 /* AppDelegate.h */ = {isa = PBXFileReference; fileEncoding = 4; lastKnownFileType = sourcecode.c.h; path = AppDelegate.h; sourceTree = "<group>"; };
		1D3623250D0F684500981E51 /* AppDelegate.m */ = {isa = PBXFileReference; fileEncoding = 4; lastKnownFileType = sourcecode.c.objc; path = AppDelegate.m; sourceTree = "<group>"; };
		1D6058910D05DD3D006BFB54 /* swipe-localytics-temp.app */ = {isa = PBXFileReference; explicitFileType = wrapper.application; includeInIndex = 0; path = "swipe-localytics-temp.app"; sourceTree = BUILT_PRODUCTS_DIR; };
		29B97316FDCFA39411CA2CEA /* main.m */ = {isa = PBXFileReference; fileEncoding = 4; lastKnownFileType = sourcecode.c.objc; path = main.m; sourceTree = "<group>"; };
		301BF52D109A57CC0062928A /* CordovaLib.xcodeproj */ = {isa = PBXFileReference; lastKnownFileType = "wrapper.pb-project"; path = CordovaLib/CordovaLib.xcodeproj; sourceTree = "<group>"; };
		301BF56E109A69640062928A /* www */ = {isa = PBXFileReference; lastKnownFileType = folder; path = www; sourceTree = SOURCE_ROOT; };
		302D95EE14D2391D003F00A1 /* MainViewController.h */ = {isa = PBXFileReference; fileEncoding = 4; lastKnownFileType = sourcecode.c.h; path = MainViewController.h; sourceTree = "<group>"; };
		302D95EF14D2391D003F00A1 /* MainViewController.m */ = {isa = PBXFileReference; fileEncoding = 4; lastKnownFileType = sourcecode.c.objc; path = MainViewController.m; sourceTree = "<group>"; };
		302D95F014D2391D003F00A1 /* MainViewController.xib */ = {isa = PBXFileReference; fileEncoding = 4; lastKnownFileType = file.xib; path = MainViewController.xib; sourceTree = "<group>"; };
		3047A50F1AB8059700498E2A /* build-debug.xcconfig */ = {isa = PBXFileReference; fileEncoding = 4; lastKnownFileType = text.xcconfig; name = "build-debug.xcconfig"; path = cordova/build-debug.xcconfig; sourceTree = SOURCE_ROOT; };
		3047A5101AB8059700498E2A /* build-release.xcconfig */ = {isa = PBXFileReference; fileEncoding = 4; lastKnownFileType = text.xcconfig; name = "build-release.xcconfig"; path = cordova/build-release.xcconfig; sourceTree = SOURCE_ROOT; };
		3047A5111AB8059700498E2A /* build.xcconfig */ = {isa = PBXFileReference; fileEncoding = 4; lastKnownFileType = text.xcconfig; name = build.xcconfig; path = cordova/build.xcconfig; sourceTree = SOURCE_ROOT; };
		32CA4F630368D1EE00C91783 /* swipe-localytics-temp-Prefix.pch */ = {isa = PBXFileReference; fileEncoding = 4; lastKnownFileType = sourcecode.c.h; path = "swipe-localytics-temp-Prefix.pch"; sourceTree = "<group>"; };
		6AFF5BF81D6E424B00AB3073 /* CDVLaunchScreen.storyboard */ = {isa = PBXFileReference; fileEncoding = 4; lastKnownFileType = file.storyboard; name = CDVLaunchScreen.storyboard; path = "swipe-localytics-temp/CDVLaunchScreen.storyboard"; sourceTree = SOURCE_ROOT; };
		8D1107310486CEB800E47090 /* swipe-localytics-temp-Info.plist */ = {isa = PBXFileReference; fileEncoding = 4; lastKnownFileType = text.plist.xml; name = "swipe-localytics-temp-Info.plist"; path = "swipe-localytics-temp/swipe-localytics-temp-Info.plist"; plistStructureDefinitionIdentifier = "com.apple.xcode.plist.structure-definition.iphone.info-plist"; sourceTree = SOURCE_ROOT; };
		EB87FDF31871DA8E0020F90C /* www */ = {isa = PBXFileReference; lastKnownFileType = folder; name = www; path = ../../www; sourceTree = "<group>"; };
		EB87FDF41871DAF40020F90C /* config.xml */ = {isa = PBXFileReference; lastKnownFileType = text.xml; name = config.xml; path = ../../config.xml; sourceTree = "<group>"; };
		F840E1F0165FE0F500CFE078 /* config.xml */ = {isa = PBXFileReference; lastKnownFileType = text.xml; name = config.xml; path = "swipe-localytics-temp/config.xml"; sourceTree = "<group>"; };
		ED33DF2A687741AEAF9F8254 /* Bridging-Header.h */ = {isa = PBXFileReference; fileEncoding = 4; lastKnownFileType = sourcecode.c.h; name = "Bridging-Header.h"; path = "Bridging-Header.h"; sourceTree = "<group>"; };
		8169A1AB4F25455FAFA4BE8E /* NativePageTransitions.m */ = {isa = PBXFileReference; name = "NativePageTransitions.m"; path = "com.telerik.plugins.nativepagetransitions/NativePageTransitions.m"; sourceTree = "<group>"; fileEncoding = 4; lastKnownFileType = sourcecode.c.objc; explicitFileType = undefined; includeInIndex = 0; };
		28B2B9B6F84D408B84E5CC5E /* AppDelegate+nativepagetransitions.m */ = {isa = PBXFileReference; name = "AppDelegate+nativepagetransitions.m"; path = "com.telerik.plugins.nativepagetransitions/AppDelegate+nativepagetransitions.m"; sourceTree = "<group>"; fileEncoding = 4; lastKnownFileType = sourcecode.c.objc; explicitFileType = undefined; includeInIndex = 0; };
		931B4BC0AB02482C8F091CF9 /* NativePageTransitions.h */ = {isa = PBXFileReference; name = "NativePageTransitions.h"; path = "com.telerik.plugins.nativepagetransitions/NativePageTransitions.h"; sourceTree = "<group>"; fileEncoding = 4; lastKnownFileType = sourcecode.c.h; explicitFileType = undefined; includeInIndex = 0; };
		AF11012FC39646EEBE14135E /* AppDelegate+nativepagetransitions.h */ = {isa = PBXFileReference; name = "AppDelegate+nativepagetransitions.h"; path = "com.telerik.plugins.nativepagetransitions/AppDelegate+nativepagetransitions.h"; sourceTree = "<group>"; fileEncoding = 4; lastKnownFileType = sourcecode.c.h; explicitFileType = undefined; includeInIndex = 0; };
		0E3A53C3AEFB4FF1ABC27FF1 /* CDVDevice.m */ = {isa = PBXFileReference; name = "CDVDevice.m"; path = "cordova-plugin-device/CDVDevice.m"; sourceTree = "<group>"; fileEncoding = 4; lastKnownFileType = sourcecode.c.objc; explicitFileType = undefined; includeInIndex = 0; };
		7601F51F95B446F4868928D5 /* CDVDevice.h */ = {isa = PBXFileReference; name = "CDVDevice.h"; path = "cordova-plugin-device/CDVDevice.h"; sourceTree = "<group>"; fileEncoding = 4; lastKnownFileType = sourcecode.c.h; explicitFileType = undefined; includeInIndex = 0; };
		BE24ECEA700949C4802F6CF8 /* CDVIonicKeyboard.m */ = {isa = PBXFileReference; name = "CDVIonicKeyboard.m"; path = "cordova-plugin-ionic-keyboard/CDVIonicKeyboard.m"; sourceTree = "<group>"; fileEncoding = 4; lastKnownFileType = sourcecode.c.objc; explicitFileType = undefined; includeInIndex = 0; };
		8A5F456F6FB340CA90EE7C60 /* CDVIonicKeyboard.h */ = {isa = PBXFileReference; name = "CDVIonicKeyboard.h"; path = "cordova-plugin-ionic-keyboard/CDVIonicKeyboard.h"; sourceTree = "<group>"; fileEncoding = 4; lastKnownFileType = sourcecode.c.h; explicitFileType = undefined; includeInIndex = 0; };
		08809D3591464519BCFA2B3F /* CDVWKWebViewEngine.m */ = {isa = PBXFileReference; name = "CDVWKWebViewEngine.m"; path = "cordova-plugin-ionic-webview/CDVWKWebViewEngine.m"; sourceTree = "<group>"; fileEncoding = 4; lastKnownFileType = sourcecode.c.objc; explicitFileType = undefined; includeInIndex = 0; };
		233B10C3D0294E35837763E9 /* CDVWKWebViewUIDelegate.m */ = {isa = PBXFileReference; name = "CDVWKWebViewUIDelegate.m"; path = "cordova-plugin-ionic-webview/CDVWKWebViewUIDelegate.m"; sourceTree = "<group>"; fileEncoding = 4; lastKnownFileType = sourcecode.c.objc; explicitFileType = undefined; includeInIndex = 0; };
		2243D81ECABC4D18923FE8D2 /* CDVWKProcessPoolFactory.m */ = {isa = PBXFileReference; name = "CDVWKProcessPoolFactory.m"; path = "cordova-plugin-ionic-webview/CDVWKProcessPoolFactory.m"; sourceTree = "<group>"; fileEncoding = 4; lastKnownFileType = sourcecode.c.objc; explicitFileType = undefined; includeInIndex = 0; };
		AC2E2580E7B8432EBDC0C6D7 /* GCDWebServer.m */ = {isa = PBXFileReference; name = "GCDWebServer.m"; path = "cordova-plugin-ionic-webview/GCDWebServer.m"; sourceTree = "<group>"; fileEncoding = 4; lastKnownFileType = sourcecode.c.objc; explicitFileType = undefined; includeInIndex = 0; };
		899340A6FA2D43B1A9AF1822 /* GCDWebServerConnection.m */ = {isa = PBXFileReference; name = "GCDWebServerConnection.m"; path = "cordova-plugin-ionic-webview/GCDWebServerConnection.m"; sourceTree = "<group>"; fileEncoding = 4; lastKnownFileType = sourcecode.c.objc; explicitFileType = undefined; includeInIndex = 0; };
		7A1B7C9872F14F7896166A07 /* GCDWebServerFunctions.m */ = {isa = PBXFileReference; name = "GCDWebServerFunctions.m"; path = "cordova-plugin-ionic-webview/GCDWebServerFunctions.m"; sourceTree = "<group>"; fileEncoding = 4; lastKnownFileType = sourcecode.c.objc; explicitFileType = undefined; includeInIndex = 0; };
		718E9B26A39242AE95B8858A /* GCDWebServerRequest.m */ = {isa = PBXFileReference; name = "GCDWebServerRequest.m"; path = "cordova-plugin-ionic-webview/GCDWebServerRequest.m"; sourceTree = "<group>"; fileEncoding = 4; lastKnownFileType = sourcecode.c.objc; explicitFileType = undefined; includeInIndex = 0; };
		B58067738AF14F58B0BA23B3 /* GCDWebServerResponse.m */ = {isa = PBXFileReference; name = "GCDWebServerResponse.m"; path = "cordova-plugin-ionic-webview/GCDWebServerResponse.m"; sourceTree = "<group>"; fileEncoding = 4; lastKnownFileType = sourcecode.c.objc; explicitFileType = undefined; includeInIndex = 0; };
		B23780BB116E46F18B523210 /* GCDWebServerDataRequest.m */ = {isa = PBXFileReference; name = "GCDWebServerDataRequest.m"; path = "cordova-plugin-ionic-webview/GCDWebServerDataRequest.m"; sourceTree = "<group>"; fileEncoding = 4; lastKnownFileType = sourcecode.c.objc; explicitFileType = undefined; includeInIndex = 0; };
		C30EB19131494C23A1267333 /* GCDWebServerFileRequest.m */ = {isa = PBXFileReference; name = "GCDWebServerFileRequest.m"; path = "cordova-plugin-ionic-webview/GCDWebServerFileRequest.m"; sourceTree = "<group>"; fileEncoding = 4; lastKnownFileType = sourcecode.c.objc; explicitFileType = undefined; includeInIndex = 0; };
		82C5A115A1BE49EB8BC84BAD /* GCDWebServerMultiPartFormRequest.m */ = {isa = PBXFileReference; name = "GCDWebServerMultiPartFormRequest.m"; path = "cordova-plugin-ionic-webview/GCDWebServerMultiPartFormRequest.m"; sourceTree = "<group>"; fileEncoding = 4; lastKnownFileType = sourcecode.c.objc; explicitFileType = undefined; includeInIndex = 0; };
		14913C1E120442A386C98320 /* GCDWebServerURLEncodedFormRequest.m */ = {isa = PBXFileReference; name = "GCDWebServerURLEncodedFormRequest.m"; path = "cordova-plugin-ionic-webview/GCDWebServerURLEncodedFormRequest.m"; sourceTree = "<group>"; fileEncoding = 4; lastKnownFileType = sourcecode.c.objc; explicitFileType = undefined; includeInIndex = 0; };
		BB7E6AB83DC64B5DBB137C8B /* GCDWebServerDataResponse.m */ = {isa = PBXFileReference; name = "GCDWebServerDataResponse.m"; path = "cordova-plugin-ionic-webview/GCDWebServerDataResponse.m"; sourceTree = "<group>"; fileEncoding = 4; lastKnownFileType = sourcecode.c.objc; explicitFileType = undefined; includeInIndex = 0; };
		98F9023FC447459EB0650825 /* GCDWebServerErrorResponse.m */ = {isa = PBXFileReference; name = "GCDWebServerErrorResponse.m"; path = "cordova-plugin-ionic-webview/GCDWebServerErrorResponse.m"; sourceTree = "<group>"; fileEncoding = 4; lastKnownFileType = sourcecode.c.objc; explicitFileType = undefined; includeInIndex = 0; };
		3C04491F05FA4BF396CCDAD9 /* GCDWebServerFileResponse.m */ = {isa = PBXFileReference; name = "GCDWebServerFileResponse.m"; path = "cordova-plugin-ionic-webview/GCDWebServerFileResponse.m"; sourceTree = "<group>"; fileEncoding = 4; lastKnownFileType = sourcecode.c.objc; explicitFileType = undefined; includeInIndex = 0; };
		F854721F803F440391AAAFC2 /* GCDWebServerStreamedResponse.m */ = {isa = PBXFileReference; name = "GCDWebServerStreamedResponse.m"; path = "cordova-plugin-ionic-webview/GCDWebServerStreamedResponse.m"; sourceTree = "<group>"; fileEncoding = 4; lastKnownFileType = sourcecode.c.objc; explicitFileType = undefined; includeInIndex = 0; };
		3099EC88CBC847699491701D /* CDVWKWebViewEngine.h */ = {isa = PBXFileReference; name = "CDVWKWebViewEngine.h"; path = "cordova-plugin-ionic-webview/CDVWKWebViewEngine.h"; sourceTree = "<group>"; fileEncoding = 4; lastKnownFileType = sourcecode.c.h; explicitFileType = undefined; includeInIndex = 0; };
		94AE39988B4B42A4A62D17E8 /* CDVWKWebViewUIDelegate.h */ = {isa = PBXFileReference; name = "CDVWKWebViewUIDelegate.h"; path = "cordova-plugin-ionic-webview/CDVWKWebViewUIDelegate.h"; sourceTree = "<group>"; fileEncoding = 4; lastKnownFileType = sourcecode.c.h; explicitFileType = undefined; includeInIndex = 0; };
		3D409CCA915547BCB0B99275 /* CDVWKProcessPoolFactory.h */ = {isa = PBXFileReference; name = "CDVWKProcessPoolFactory.h"; path = "cordova-plugin-ionic-webview/CDVWKProcessPoolFactory.h"; sourceTree = "<group>"; fileEncoding = 4; lastKnownFileType = sourcecode.c.h; explicitFileType = undefined; includeInIndex = 0; };
		354D7F8955A64BB08D19B570 /* GCDWebServer.h */ = {isa = PBXFileReference; name = "GCDWebServer.h"; path = "cordova-plugin-ionic-webview/GCDWebServer.h"; sourceTree = "<group>"; fileEncoding = 4; lastKnownFileType = sourcecode.c.h; explicitFileType = undefined; includeInIndex = 0; };
		AD0E5FE6EB93407580B2CD31 /* GCDWebServerConnection.h */ = {isa = PBXFileReference; name = "GCDWebServerConnection.h"; path = "cordova-plugin-ionic-webview/GCDWebServerConnection.h"; sourceTree = "<group>"; fileEncoding = 4; lastKnownFileType = sourcecode.c.h; explicitFileType = undefined; includeInIndex = 0; };
		71C2E460F96E4F1DBC1C5C0F /* GCDWebServerFunctions.h */ = {isa = PBXFileReference; name = "GCDWebServerFunctions.h"; path = "cordova-plugin-ionic-webview/GCDWebServerFunctions.h"; sourceTree = "<group>"; fileEncoding = 4; lastKnownFileType = sourcecode.c.h; explicitFileType = undefined; includeInIndex = 0; };
		9E56BA16A3A54A50BA03DC3E /* GCDWebServerHTTPStatusCodes.h */ = {isa = PBXFileReference; name = "GCDWebServerHTTPStatusCodes.h"; path = "cordova-plugin-ionic-webview/GCDWebServerHTTPStatusCodes.h"; sourceTree = "<group>"; fileEncoding = 4; lastKnownFileType = sourcecode.c.h; explicitFileType = undefined; includeInIndex = 0; };
		10D9F8C09CC04E549011B5A4 /* GCDWebServerPrivate.h */ = {isa = PBXFileReference; name = "GCDWebServerPrivate.h"; path = "cordova-plugin-ionic-webview/GCDWebServerPrivate.h"; sourceTree = "<group>"; fileEncoding = 4; lastKnownFileType = sourcecode.c.h; explicitFileType = undefined; includeInIndex = 0; };
		AA85902144374D828CCBBBE5 /* GCDWebServerRequest.h */ = {isa = PBXFileReference; name = "GCDWebServerRequest.h"; path = "cordova-plugin-ionic-webview/GCDWebServerRequest.h"; sourceTree = "<group>"; fileEncoding = 4; lastKnownFileType = sourcecode.c.h; explicitFileType = undefined; includeInIndex = 0; };
		292D145F1A31495A8F1083B5 /* GCDWebServerResponse.h */ = {isa = PBXFileReference; name = "GCDWebServerResponse.h"; path = "cordova-plugin-ionic-webview/GCDWebServerResponse.h"; sourceTree = "<group>"; fileEncoding = 4; lastKnownFileType = sourcecode.c.h; explicitFileType = undefined; includeInIndex = 0; };
		A984874FE06B47249F0EED9C /* GCDWebServerDataRequest.h */ = {isa = PBXFileReference; name = "GCDWebServerDataRequest.h"; path = "cordova-plugin-ionic-webview/GCDWebServerDataRequest.h"; sourceTree = "<group>"; fileEncoding = 4; lastKnownFileType = sourcecode.c.h; explicitFileType = undefined; includeInIndex = 0; };
		1D5B5A6BB62E431AB69F906B /* GCDWebServerFileRequest.h */ = {isa = PBXFileReference; name = "GCDWebServerFileRequest.h"; path = "cordova-plugin-ionic-webview/GCDWebServerFileRequest.h"; sourceTree = "<group>"; fileEncoding = 4; lastKnownFileType = sourcecode.c.h; explicitFileType = undefined; includeInIndex = 0; };
		2D9773763CF44B01A8AB9CEA /* GCDWebServerMultiPartFormRequest.h */ = {isa = PBXFileReference; name = "GCDWebServerMultiPartFormRequest.h"; path = "cordova-plugin-ionic-webview/GCDWebServerMultiPartFormRequest.h"; sourceTree = "<group>"; fileEncoding = 4; lastKnownFileType = sourcecode.c.h; explicitFileType = undefined; includeInIndex = 0; };
		45B96A396EB64F09877BE9C3 /* GCDWebServerURLEncodedFormRequest.h */ = {isa = PBXFileReference; name = "GCDWebServerURLEncodedFormRequest.h"; path = "cordova-plugin-ionic-webview/GCDWebServerURLEncodedFormRequest.h"; sourceTree = "<group>"; fileEncoding = 4; lastKnownFileType = sourcecode.c.h; explicitFileType = undefined; includeInIndex = 0; };
		6AED196EA99E459BAB3678E7 /* GCDWebServerDataResponse.h */ = {isa = PBXFileReference; name = "GCDWebServerDataResponse.h"; path = "cordova-plugin-ionic-webview/GCDWebServerDataResponse.h"; sourceTree = "<group>"; fileEncoding = 4; lastKnownFileType = sourcecode.c.h; explicitFileType = undefined; includeInIndex = 0; };
		3D01B787A2DD472AAD9844FB /* GCDWebServerErrorResponse.h */ = {isa = PBXFileReference; name = "GCDWebServerErrorResponse.h"; path = "cordova-plugin-ionic-webview/GCDWebServerErrorResponse.h"; sourceTree = "<group>"; fileEncoding = 4; lastKnownFileType = sourcecode.c.h; explicitFileType = undefined; includeInIndex = 0; };
		66A8AAAE080042FE96A5DD00 /* GCDWebServerFileResponse.h */ = {isa = PBXFileReference; name = "GCDWebServerFileResponse.h"; path = "cordova-plugin-ionic-webview/GCDWebServerFileResponse.h"; sourceTree = "<group>"; fileEncoding = 4; lastKnownFileType = sourcecode.c.h; explicitFileType = undefined; includeInIndex = 0; };
		47046CEC50794EAA9EF0FD42 /* GCDWebServerStreamedResponse.h */ = {isa = PBXFileReference; name = "GCDWebServerStreamedResponse.h"; path = "cordova-plugin-ionic-webview/GCDWebServerStreamedResponse.h"; sourceTree = "<group>"; fileEncoding = 4; lastKnownFileType = sourcecode.c.h; explicitFileType = undefined; includeInIndex = 0; };
		4E872162F81148F78CF77ECB /* WebKit.framework */ = {isa = PBXFileReference; name = "WebKit.framework"; path = "System/Library/Frameworks/WebKit.framework"; sourceTree = SDKROOT; fileEncoding = undefined; lastKnownFileType = wrapper.framework; explicitFileType = undefined; includeInIndex = 0; };
		BC722DF566F0466694641B8B /* libz.tbd */ = {isa = PBXFileReference; name = "libz.tbd"; path = "usr/lib/libz.tbd"; sourceTree = SDKROOT; fileEncoding = undefined; lastKnownFileType = sourcecode.text-based-dylib-definition; explicitFileType = undefined; includeInIndex = 0; };
		0ABBD2F8C6BA4295A82EDAFE /* CDVSplashScreen.m */ = {isa = PBXFileReference; name = "CDVSplashScreen.m"; path = "cordova-plugin-splashscreen/CDVSplashScreen.m"; sourceTree = "<group>"; fileEncoding = 4; lastKnownFileType = sourcecode.c.objc; explicitFileType = undefined; includeInIndex = 0; };
		8FF41B26B62E4B7C9A940D96 /* CDVViewController+SplashScreen.m */ = {isa = PBXFileReference; name = "CDVViewController+SplashScreen.m"; path = "cordova-plugin-splashscreen/CDVViewController+SplashScreen.m"; sourceTree = "<group>"; fileEncoding = 4; lastKnownFileType = sourcecode.c.objc; explicitFileType = undefined; includeInIndex = 0; };
		727814AD4D8D4CFC8F1CF323 /* CDVSplashScreen.h */ = {isa = PBXFileReference; name = "CDVSplashScreen.h"; path = "cordova-plugin-splashscreen/CDVSplashScreen.h"; sourceTree = "<group>"; fileEncoding = 4; lastKnownFileType = sourcecode.c.h; explicitFileType = undefined; includeInIndex = 0; };
		99773D7E61444E5890924535 /* CDVViewController+SplashScreen.h */ = {isa = PBXFileReference; name = "CDVViewController+SplashScreen.h"; path = "cordova-plugin-splashscreen/CDVViewController+SplashScreen.h"; sourceTree = "<group>"; fileEncoding = 4; lastKnownFileType = sourcecode.c.h; explicitFileType = undefined; includeInIndex = 0; };
		D64063724A154A89B13747A4 /* LocalyticsPlugin.m */ = {isa = PBXFileReference; name = "LocalyticsPlugin.m"; path = "com.localytics.phonegap.LocalyticsPlugin/LocalyticsPlugin.m"; sourceTree = "<group>"; fileEncoding = 4; lastKnownFileType = sourcecode.c.objc; explicitFileType = undefined; includeInIndex = 0; };
		36B2E78A7FC44D40986A9D2F /* CDAnalyticsDelegate.m */ = {isa = PBXFileReference; name = "CDAnalyticsDelegate.m"; path = "com.localytics.phonegap.LocalyticsPlugin/CDAnalyticsDelegate.m"; sourceTree = "<group>"; fileEncoding = 4; lastKnownFileType = sourcecode.c.objc; explicitFileType = undefined; includeInIndex = 0; };
		C1502BAAE06E4DA987ED7A80 /* CDLocationDelegate.m */ = {isa = PBXFileReference; name = "CDLocationDelegate.m"; path = "com.localytics.phonegap.LocalyticsPlugin/CDLocationDelegate.m"; sourceTree = "<group>"; fileEncoding = 4; lastKnownFileType = sourcecode.c.objc; explicitFileType = undefined; includeInIndex = 0; };
		24B955CA29CF42EC924A33AF /* CDMessagingDelegate.m */ = {isa = PBXFileReference; name = "CDMessagingDelegate.m"; path = "com.localytics.phonegap.LocalyticsPlugin/CDMessagingDelegate.m"; sourceTree = "<group>"; fileEncoding = 4; lastKnownFileType = sourcecode.c.objc; explicitFileType = undefined; includeInIndex = 0; };
		475D9DBBFFA54D6BAEC45E22 /* CDCTADelegate.m */ = {isa = PBXFileReference; name = "CDCTADelegate.m"; path = "com.localytics.phonegap.LocalyticsPlugin/CDCTADelegate.m"; sourceTree = "<group>"; fileEncoding = 4; lastKnownFileType = sourcecode.c.objc; explicitFileType = undefined; includeInIndex = 0; };
		A6C3EFD4B0CE4DB1839A7EB6 /* LocalyticsPlugin.h */ = {isa = PBXFileReference; name = "LocalyticsPlugin.h"; path = "com.localytics.phonegap.LocalyticsPlugin/LocalyticsPlugin.h"; sourceTree = "<group>"; fileEncoding = 4; lastKnownFileType = sourcecode.c.h; explicitFileType = undefined; includeInIndex = 0; };
		DF0F0532E7EA40A6AE035928 /* CDAnalyticsDelegate.h */ = {isa = PBXFileReference; name = "CDAnalyticsDelegate.h"; path = "com.localytics.phonegap.LocalyticsPlugin/CDAnalyticsDelegate.h"; sourceTree = "<group>"; fileEncoding = 4; lastKnownFileType = sourcecode.c.h; explicitFileType = undefined; includeInIndex = 0; };
		0C9A789E310548239D0E3C74 /* CDLocationDelegate.h */ = {isa = PBXFileReference; name = "CDLocationDelegate.h"; path = "com.localytics.phonegap.LocalyticsPlugin/CDLocationDelegate.h"; sourceTree = "<group>"; fileEncoding = 4; lastKnownFileType = sourcecode.c.h; explicitFileType = undefined; includeInIndex = 0; };
		B9D1D26E6DC64D6BAD8F3175 /* CDMessagingDelegate.h */ = {isa = PBXFileReference; name = "CDMessagingDelegate.h"; path = "com.localytics.phonegap.LocalyticsPlugin/CDMessagingDelegate.h"; sourceTree = "<group>"; fileEncoding = 4; lastKnownFileType = sourcecode.c.h; explicitFileType = undefined; includeInIndex = 0; };
		8E63E2FCD124482CB8C3093A /* CDCTADelegate.h */ = {isa = PBXFileReference; name = "CDCTADelegate.h"; path = "com.localytics.phonegap.LocalyticsPlugin/CDCTADelegate.h"; sourceTree = "<group>"; fileEncoding = 4; lastKnownFileType = sourcecode.c.h; explicitFileType = undefined; includeInIndex = 0; };
		1EAC1CF5A89C47E9B59A7FCF /* UserNotifications */ = {isa = PBXFileReference; name = "UserNotifications"; path = "UserNotifications"; sourceTree = "<group>"; fileEncoding = undefined; lastKnownFileType = unknown; explicitFileType = undefined; includeInIndex = 0; };
/* End PBXFileReference section */

/* Begin PBXFrameworksBuildPhase section */
		1D60588F0D05DD3D006BFB54 /* Frameworks */ = {
			isa = PBXFrameworksBuildPhase;
			buildActionMask = 2147483647;
			files = (
				301BF552109A68D80062928A /* libCordova.a in Frameworks */,
				42B71271D2284A668E86560D /* WebKit.framework in Frameworks */,
				2FA83911A331456A936DB1E6 /* libz.tbd in Frameworks */,
				18A89B6102B7479DB4591E5E /* UserNotifications in Resources */,
			);
			runOnlyForDeploymentPostprocessing = 0;
		};
/* End PBXFrameworksBuildPhase section */

/* Begin PBXGroup section */
		080E96DDFE201D6D7F000001 /* Classes */ = {
			isa = PBXGroup;
			children = (
				302D95EE14D2391D003F00A1 /* MainViewController.h */,
				302D95EF14D2391D003F00A1 /* MainViewController.m */,
				302D95F014D2391D003F00A1 /* MainViewController.xib */,
				1D3623240D0F684500981E51 /* AppDelegate.h */,
				1D3623250D0F684500981E51 /* AppDelegate.m */,
			);
			name = Classes;
			path = "swipe-localytics-temp/Classes";
			sourceTree = SOURCE_ROOT;
		};
		19C28FACFE9D520D11CA2CBB /* Products */ = {
			isa = PBXGroup;
			children = (
				1D6058910D05DD3D006BFB54 /* swipe-localytics-temp.app */,
			);
			name = Products;
			sourceTree = "<group>";
		};
		29B97314FDCFA39411CA2CEA /* CustomTemplate */ = {
			isa = PBXGroup;
			children = (
				EB87FDF41871DAF40020F90C /* config.xml */,
				EB87FDF31871DA8E0020F90C /* www */,
				EB87FDF11871DA420020F90C /* Staging */,
				301BF52D109A57CC0062928A /* CordovaLib.xcodeproj */,
				080E96DDFE201D6D7F000001 /* Classes */,
				307C750510C5A3420062BCA9 /* Plugins */,
				29B97315FDCFA39411CA2CEA /* Other Sources */,
				29B97317FDCFA39411CA2CEA /* Resources */,
				29B97323FDCFA39411CA2CEA /* Frameworks */,
				19C28FACFE9D520D11CA2CBB /* Products */,
			);
			name = CustomTemplate;
			sourceTree = "<group>";
		};
		29B97315FDCFA39411CA2CEA /* Other Sources */ = {
			isa = PBXGroup;
			children = (
				32CA4F630368D1EE00C91783 /* swipe-localytics-temp-Prefix.pch */,
				29B97316FDCFA39411CA2CEA /* main.m */,
				ED33DF2A687741AEAF9F8254 /* Bridging-Header.h */,
			);
			name = "Other Sources";
			path = "swipe-localytics-temp";
			sourceTree = "<group>";
		};
		29B97317FDCFA39411CA2CEA /* Resources */ = {
			isa = PBXGroup;
			children = (
				0207DA571B56EA530066E2B4 /* Images.xcassets */,
				3047A50E1AB8057F00498E2A /* config */,
				8D1107310486CEB800E47090 /* swipe-localytics-temp-Info.plist */,
				6AFF5BF81D6E424B00AB3073 /* CDVLaunchScreen.storyboard */,
			);
			name = Resources;
			path = "swipe-localytics-temp/Resources";
			sourceTree = "<group>";
		};
		29B97323FDCFA39411CA2CEA /* Frameworks */ = {
			isa = PBXGroup;
			children = (
				4E872162F81148F78CF77ECB /* WebKit.framework */,
				BC722DF566F0466694641B8B /* libz.tbd */,
				1EAC1CF5A89C47E9B59A7FCF /* UserNotifications */,
			);
			name = Frameworks;
			sourceTree = "<group>";
		};
		301BF52E109A57CC0062928A /* Products */ = {
			isa = PBXGroup;
			children = (
				301BF535109A57CC0062928A /* libCordova.a */,
			);
			name = Products;
			sourceTree = "<group>";
		};
		3047A50E1AB8057F00498E2A /* config */ = {
			isa = PBXGroup;
			children = (
				3047A50F1AB8059700498E2A /* build-debug.xcconfig */,
				3047A5101AB8059700498E2A /* build-release.xcconfig */,
				3047A5111AB8059700498E2A /* build.xcconfig */,
			);
			name = config;
			sourceTree = "<group>";
		};
		307C750510C5A3420062BCA9 /* Plugins */ = {
			isa = PBXGroup;
			children = (
				8169A1AB4F25455FAFA4BE8E /* NativePageTransitions.m */,
				28B2B9B6F84D408B84E5CC5E /* AppDelegate+nativepagetransitions.m */,
				931B4BC0AB02482C8F091CF9 /* NativePageTransitions.h */,
				AF11012FC39646EEBE14135E /* AppDelegate+nativepagetransitions.h */,
				0E3A53C3AEFB4FF1ABC27FF1 /* CDVDevice.m */,
				7601F51F95B446F4868928D5 /* CDVDevice.h */,
				BE24ECEA700949C4802F6CF8 /* CDVIonicKeyboard.m */,
				8A5F456F6FB340CA90EE7C60 /* CDVIonicKeyboard.h */,
				08809D3591464519BCFA2B3F /* CDVWKWebViewEngine.m */,
				233B10C3D0294E35837763E9 /* CDVWKWebViewUIDelegate.m */,
				2243D81ECABC4D18923FE8D2 /* CDVWKProcessPoolFactory.m */,
				AC2E2580E7B8432EBDC0C6D7 /* GCDWebServer.m */,
				899340A6FA2D43B1A9AF1822 /* GCDWebServerConnection.m */,
				7A1B7C9872F14F7896166A07 /* GCDWebServerFunctions.m */,
				718E9B26A39242AE95B8858A /* GCDWebServerRequest.m */,
				B58067738AF14F58B0BA23B3 /* GCDWebServerResponse.m */,
				B23780BB116E46F18B523210 /* GCDWebServerDataRequest.m */,
				C30EB19131494C23A1267333 /* GCDWebServerFileRequest.m */,
				82C5A115A1BE49EB8BC84BAD /* GCDWebServerMultiPartFormRequest.m */,
				14913C1E120442A386C98320 /* GCDWebServerURLEncodedFormRequest.m */,
				BB7E6AB83DC64B5DBB137C8B /* GCDWebServerDataResponse.m */,
				98F9023FC447459EB0650825 /* GCDWebServerErrorResponse.m */,
				3C04491F05FA4BF396CCDAD9 /* GCDWebServerFileResponse.m */,
				F854721F803F440391AAAFC2 /* GCDWebServerStreamedResponse.m */,
				3099EC88CBC847699491701D /* CDVWKWebViewEngine.h */,
				94AE39988B4B42A4A62D17E8 /* CDVWKWebViewUIDelegate.h */,
				3D409CCA915547BCB0B99275 /* CDVWKProcessPoolFactory.h */,
				354D7F8955A64BB08D19B570 /* GCDWebServer.h */,
				AD0E5FE6EB93407580B2CD31 /* GCDWebServerConnection.h */,
				71C2E460F96E4F1DBC1C5C0F /* GCDWebServerFunctions.h */,
				9E56BA16A3A54A50BA03DC3E /* GCDWebServerHTTPStatusCodes.h */,
				10D9F8C09CC04E549011B5A4 /* GCDWebServerPrivate.h */,
				AA85902144374D828CCBBBE5 /* GCDWebServerRequest.h */,
				292D145F1A31495A8F1083B5 /* GCDWebServerResponse.h */,
				A984874FE06B47249F0EED9C /* GCDWebServerDataRequest.h */,
				1D5B5A6BB62E431AB69F906B /* GCDWebServerFileRequest.h */,
				2D9773763CF44B01A8AB9CEA /* GCDWebServerMultiPartFormRequest.h */,
				45B96A396EB64F09877BE9C3 /* GCDWebServerURLEncodedFormRequest.h */,
				6AED196EA99E459BAB3678E7 /* GCDWebServerDataResponse.h */,
				3D01B787A2DD472AAD9844FB /* GCDWebServerErrorResponse.h */,
				66A8AAAE080042FE96A5DD00 /* GCDWebServerFileResponse.h */,
				47046CEC50794EAA9EF0FD42 /* GCDWebServerStreamedResponse.h */,
				0ABBD2F8C6BA4295A82EDAFE /* CDVSplashScreen.m */,
				8FF41B26B62E4B7C9A940D96 /* CDVViewController+SplashScreen.m */,
				727814AD4D8D4CFC8F1CF323 /* CDVSplashScreen.h */,
				99773D7E61444E5890924535 /* CDVViewController+SplashScreen.h */,
				D64063724A154A89B13747A4 /* LocalyticsPlugin.m */,
				36B2E78A7FC44D40986A9D2F /* CDAnalyticsDelegate.m */,
				C1502BAAE06E4DA987ED7A80 /* CDLocationDelegate.m */,
				24B955CA29CF42EC924A33AF /* CDMessagingDelegate.m */,
				475D9DBBFFA54D6BAEC45E22 /* CDCTADelegate.m */,
				A6C3EFD4B0CE4DB1839A7EB6 /* LocalyticsPlugin.h */,
				DF0F0532E7EA40A6AE035928 /* CDAnalyticsDelegate.h */,
				0C9A789E310548239D0E3C74 /* CDLocationDelegate.h */,
				B9D1D26E6DC64D6BAD8F3175 /* CDMessagingDelegate.h */,
				8E63E2FCD124482CB8C3093A /* CDCTADelegate.h */,
			);
			name = Plugins;
			path = "swipe-localytics-temp/Plugins";
			sourceTree = SOURCE_ROOT;
		};
		EB87FDF11871DA420020F90C /* Staging */ = {
			isa = PBXGroup;
			children = (
				F840E1F0165FE0F500CFE078 /* config.xml */,
				301BF56E109A69640062928A /* www */,
			);
			name = Staging;
			sourceTree = "<group>";
		};
/* End PBXGroup section */

/* Begin PBXNativeTarget section */
		1D6058900D05DD3D006BFB54 /* swipe-localytics-temp */ = {
			isa = PBXNativeTarget;
			buildConfigurationList = 1D6058960D05DD3E006BFB54 /* Build configuration list for PBXNativeTarget "swipe-localytics-temp" */;
			buildPhases = (
				304B58A110DAC018002A0835 /* Copy www directory */,
				1D60588D0D05DD3D006BFB54 /* Resources */,
				1D60588E0D05DD3D006BFB54 /* Sources */,
				1D60588F0D05DD3D006BFB54 /* Frameworks */,
			);
			buildRules = (
			);
			dependencies = (
				301BF551109A68C00062928A /* PBXTargetDependency */,
			);
			name = "swipe-localytics-temp";
			productName = "swipe-localytics-temp";
			productReference = 1D6058910D05DD3D006BFB54 /* swipe-localytics-temp.app */;
			productType = "com.apple.product-type.application";
		};
/* End PBXNativeTarget section */

/* Begin PBXProject section */
		29B97313FDCFA39411CA2CEA /* Project object */ = {
			isa = PBXProject;
			attributes = {
				LastUpgradeCheck = 510;
			};
			buildConfigurationList = C01FCF4E08A954540054247B /* Build configuration list for PBXProject "__NON-CLI__" */;
			compatibilityVersion = "Xcode 3.2";
			developmentRegion = English;
			hasScannedForEncodings = 1;
			mainGroup = 29B97314FDCFA39411CA2CEA /* CustomTemplate */;
			projectDirPath = "";
			projectReferences = (
				{
					ProductGroup = 301BF52E109A57CC0062928A /* Products */;
					ProjectRef = 301BF52D109A57CC0062928A /* CordovaLib.xcodeproj */;
				},
			);
			projectRoot = "";
			targets = (
				1D6058900D05DD3D006BFB54 /* swipe-localytics-temp */,
			);
		};
/* End PBXProject section */

/* Begin PBXReferenceProxy section */
		301BF535109A57CC0062928A /* libCordova.a */ = {
			isa = PBXReferenceProxy;
			fileType = archive.ar;
			path = libCordova.a;
			remoteRef = 301BF534109A57CC0062928A /* PBXContainerItemProxy */;
			sourceTree = BUILT_PRODUCTS_DIR;
		};
/* End PBXReferenceProxy section */

/* Begin PBXResourcesBuildPhase section */
		1D60588D0D05DD3D006BFB54 /* Resources */ = {
			isa = PBXResourcesBuildPhase;
			buildActionMask = 2147483647;
			files = (
				302D95F214D2391D003F00A1 /* MainViewController.xib in Resources */,
				0207DA581B56EA530066E2B4 /* Images.xcassets in Resources */,
				6AFF5BF91D6E424B00AB3073 /* CDVLaunchScreen.storyboard in Resources */,
			);
			runOnlyForDeploymentPostprocessing = 0;
		};
/* End PBXResourcesBuildPhase section */

/* Begin PBXShellScriptBuildPhase section */
		304B58A110DAC018002A0835 /* Copy www directory */ = {
			isa = PBXShellScriptBuildPhase;
			buildActionMask = 2147483647;
			files = (
			);
			inputPaths = (
			);
			name = "Copy www directory";
			outputPaths = (
			);
			runOnlyForDeploymentPostprocessing = 0;
			shellPath = /bin/sh;
			shellScript = "NODEJS_PATH=/usr/local/bin; NVM_NODE_PATH=~/.nvm/versions/node/`nvm version 2>/dev/null`/bin; N_NODE_PATH=`find /usr/local/n/versions/node/* -maxdepth 0 -type d 2>/dev/null | tail -1`/bin; XCODE_NODE_PATH=`xcode-select --print-path`/usr/share/xcs/Node/bin; PATH=$NODEJS_PATH:$NVM_NODE_PATH:$N_NODE_PATH:$XCODE_NODE_PATH:$PATH && node cordova/lib/copy-www-build-step.js";
			showEnvVarsInLog = 0;
		};
/* End PBXShellScriptBuildPhase section */

/* Begin PBXSourcesBuildPhase section */
		1D60588E0D05DD3D006BFB54 /* Sources */ = {
			isa = PBXSourcesBuildPhase;
			buildActionMask = 2147483647;
			files = (
				1D60589B0D05DD56006BFB54 /* main.m in Sources */,
				1D3623260D0F684500981E51 /* AppDelegate.m in Sources */,
				302D95F114D2391D003F00A1 /* MainViewController.m in Sources */,
				4A26957DEE9A4CCCB58266D9 /* NativePageTransitions.m in Sources */,
				19B6D0FFE96A4CD0B1B673B9 /* AppDelegate+nativepagetransitions.m in Sources */,
				65CE57AB60504783B3BE1467 /* CDVDevice.m in Sources */,
				A2758444D1654A0DA6CD2091 /* CDVIonicKeyboard.m in Sources */,
				9B9627B8449C413B9C5BAE3C /* CDVWKWebViewEngine.m in Sources */,
				C4366FD3FB63412AA99BCCEE /* CDVWKWebViewUIDelegate.m in Sources */,
				3C30A96826AF43ACA53E9B0E /* CDVWKProcessPoolFactory.m in Sources */,
				409EEDA3BC2A4018B2352262 /* GCDWebServer.m in Sources */,
				187D72F3D2884188B70E2700 /* GCDWebServerConnection.m in Sources */,
				4D96346F16BE487BBF5ADD69 /* GCDWebServerFunctions.m in Sources */,
				CAB63F0D64D344CA9DC9540B /* GCDWebServerRequest.m in Sources */,
				A6ED4D7D86C74831B07157F3 /* GCDWebServerResponse.m in Sources */,
				0EBC92841C9F4E9CB856C719 /* GCDWebServerDataRequest.m in Sources */,
				7F5AEE5B790D4C14AB0F2E7F /* GCDWebServerFileRequest.m in Sources */,
				AEDCD76F796D4944949AFA16 /* GCDWebServerMultiPartFormRequest.m in Sources */,
				F429CD50699C4299A2D3FEBE /* GCDWebServerURLEncodedFormRequest.m in Sources */,
				BE7599BE7BE04155A7E3DF47 /* GCDWebServerDataResponse.m in Sources */,
				38F278B44AAB49A9A27A6910 /* GCDWebServerErrorResponse.m in Sources */,
				3B906D26ADB84496812BE603 /* GCDWebServerFileResponse.m in Sources */,
				8C6394CBC86C4A4799BF31C8 /* GCDWebServerStreamedResponse.m in Sources */,
				F2DA37E423DD44C18FB289DC /* CDVSplashScreen.m in Sources */,
				24FB9D85F10548D3B26EDF63 /* CDVViewController+SplashScreen.m in Sources */,
				506C72012B4844C7926A921A /* LocalyticsPlugin.m in Sources */,
				98D0DD441E7C4C84B0BA51B2 /* CDAnalyticsDelegate.m in Sources */,
				35F4884BE3504F99A9394CCD /* CDLocationDelegate.m in Sources */,
				B1DF85ADA0C44129B91ABE5C /* CDMessagingDelegate.m in Sources */,
				025782E1D7E3498A80E9095F /* CDCTADelegate.m in Sources */,
			);
			runOnlyForDeploymentPostprocessing = 0;
		};
/* End PBXSourcesBuildPhase section */

/* Begin PBXTargetDependency section */
		301BF551109A68C00062928A /* PBXTargetDependency */ = {
			isa = PBXTargetDependency;
			name = CordovaLib;
			targetProxy = 301BF550109A68C00062928A /* PBXContainerItemProxy */;
		};
/* End PBXTargetDependency section */

/* Begin XCBuildConfiguration section */
		1D6058940D05DD3E006BFB54 /* Debug */ = {
			isa = XCBuildConfiguration;
			baseConfigurationReference = 3047A50F1AB8059700498E2A /* build-debug.xcconfig */;
			buildSettings = {
				ALWAYS_SEARCH_USER_PATHS = NO;
				ASSETCATALOG_COMPILER_APPICON_NAME = AppIcon;
				ASSETCATALOG_COMPILER_LAUNCHIMAGE_NAME = LaunchImage;
				CLANG_ENABLE_MODULES = YES;
				CLANG_ENABLE_OBJC_ARC = YES;
				COPY_PHASE_STRIP = NO;
				GCC_DYNAMIC_NO_PIC = NO;
				GCC_OPTIMIZATION_LEVEL = 0;
				GCC_PRECOMPILE_PREFIX_HEADER = YES;
				GCC_PREFIX_HEADER = "swipe-localytics-temp/swipe-localytics-temp-Prefix.pch";
				GCC_THUMB_SUPPORT = NO;
				GCC_VERSION = "";
				INFOPLIST_FILE = "swipe-localytics-temp/swipe-localytics-temp-Info.plist";
				IPHONEOS_DEPLOYMENT_TARGET = 9.0;
				LD_RUNPATH_SEARCH_PATHS = "@executable_path/Frameworks";
				TARGETED_DEVICE_FAMILY = "1,2";
				PRODUCT_NAME = "swipe-localytics-temp";
			};
			name = Debug;
		};
		1D6058950D05DD3E006BFB54 /* Release */ = {
			isa = XCBuildConfiguration;
			baseConfigurationReference = 3047A5101AB8059700498E2A /* build-release.xcconfig */;
			buildSettings = {
				ALWAYS_SEARCH_USER_PATHS = NO;
				ASSETCATALOG_COMPILER_APPICON_NAME = AppIcon;
				ASSETCATALOG_COMPILER_LAUNCHIMAGE_NAME = LaunchImage;
				CLANG_ENABLE_MODULES = YES;
				CLANG_ENABLE_OBJC_ARC = YES;
				COPY_PHASE_STRIP = YES;
				GCC_PRECOMPILE_PREFIX_HEADER = YES;
				GCC_PREFIX_HEADER = "swipe-localytics-temp/swipe-localytics-temp-Prefix.pch";
				GCC_THUMB_SUPPORT = NO;
				GCC_VERSION = "";
				INFOPLIST_FILE = "swipe-localytics-temp/swipe-localytics-temp-Info.plist";
				IPHONEOS_DEPLOYMENT_TARGET = 9.0;
				LD_RUNPATH_SEARCH_PATHS = "@executable_path/Frameworks";
				TARGETED_DEVICE_FAMILY = "1,2";
				PRODUCT_NAME = "swipe-localytics-temp";
			};
			name = Release;
		};
		C01FCF4F08A954540054247B /* Debug */ = {
			isa = XCBuildConfiguration;
			baseConfigurationReference = 3047A5111AB8059700498E2A /* build.xcconfig */;
			buildSettings = {
				CLANG_ENABLE_MODULES = YES;
				CLANG_ENABLE_OBJC_ARC = YES;
				CLANG_WARN_BOOL_CONVERSION = YES;
				CLANG_WARN_CONSTANT_CONVERSION = YES;
				CLANG_WARN_EMPTY_BODY = YES;
				CLANG_WARN_ENUM_CONVERSION = YES;
				CLANG_WARN_INT_CONVERSION = YES;
				CLANG_WARN__DUPLICATE_METHOD_MATCH = YES;
				GCC_C_LANGUAGE_STANDARD = c99;
				GCC_THUMB_SUPPORT = NO;
				GCC_VERSION = "";
				GCC_WARN_ABOUT_RETURN_TYPE = YES;
				GCC_WARN_UNDECLARED_SELECTOR = YES;
				GCC_WARN_UNINITIALIZED_AUTOS = YES;
				GCC_WARN_UNUSED_FUNCTION = YES;
				GCC_WARN_UNUSED_VARIABLE = YES;
				ONLY_ACTIVE_ARCH = YES;
				SDKROOT = iphoneos;
				SKIP_INSTALL = NO;
			};
			name = Debug;
		};
		C01FCF5008A954540054247B /* Release */ = {
			isa = XCBuildConfiguration;
			baseConfigurationReference = 3047A5111AB8059700498E2A /* build.xcconfig */;
			buildSettings = {
				CLANG_ENABLE_MODULES = YES;
				CLANG_ENABLE_OBJC_ARC = YES;
				CLANG_WARN_BOOL_CONVERSION = YES;
				CLANG_WARN_CONSTANT_CONVERSION = YES;
				CLANG_WARN_EMPTY_BODY = YES;
				CLANG_WARN_ENUM_CONVERSION = YES;
				CLANG_WARN_INT_CONVERSION = YES;
				CLANG_WARN__DUPLICATE_METHOD_MATCH = YES;
				GCC_C_LANGUAGE_STANDARD = c99;
				GCC_THUMB_SUPPORT = NO;
				GCC_VERSION = "";
				GCC_WARN_ABOUT_RETURN_TYPE = YES;
				GCC_WARN_UNDECLARED_SELECTOR = YES;
				GCC_WARN_UNINITIALIZED_AUTOS = YES;
				GCC_WARN_UNUSED_FUNCTION = YES;
				GCC_WARN_UNUSED_VARIABLE = YES;
				SDKROOT = iphoneos;
				SKIP_INSTALL = NO;
			};
			name = Release;
		};
/* End XCBuildConfiguration section */

/* Begin XCConfigurationList section */
		1D6058960D05DD3E006BFB54 /* Build configuration list for PBXNativeTarget "swipe-localytics-temp" */ = {
			isa = XCConfigurationList;
			buildConfigurations = (
				1D6058940D05DD3E006BFB54 /* Debug */,
				1D6058950D05DD3E006BFB54 /* Release */,
			);
			defaultConfigurationIsVisible = 0;
			defaultConfigurationName = Release;
		};
		C01FCF4E08A954540054247B /* Build configuration list for PBXProject "__NON-CLI__" */ = {
			isa = XCConfigurationList;
			buildConfigurations = (
				C01FCF4F08A954540054247B /* Debug */,
				C01FCF5008A954540054247B /* Release */,
			);
			defaultConfigurationIsVisible = 0;
			defaultConfigurationName = Release;
		};
/* End XCConfigurationList section */
	};
	rootObject = 29B97313FDCFA39411CA2CEA /* Project object */;
}
